
Microsoft Visual Studio Solution File, Format Version 12.00
# Visual Studio 14
VisualStudioVersion = 14.0.24720.0
MinimumVisualStudioVersion = 10.0.40219.1
Project("{FAE04EC0-301F-11D3-BF4B-00C04F79EFBC}") = "Goodreads", "Goodreads\Goodreads.csproj", "{39DF6252-7E8C-4BF4-B28B-1B8F8240D0CB}"
EndProject
Global
	GlobalSection(SolutionConfigurationPlatforms) = preSolution
		Debug|Any CPU = Debug|Any CPU
		Release|Any CPU = Release|Any CPU
	EndGlobalSection
	GlobalSection(ProjectConfigurationPlatforms) = postSolution
		{39DF6252-7E8C-4BF4-B28B-1B8F8240D0CB}.Debug|Any CPU.ActiveCfg = Debug|Any CPU
		{39DF6252-7E8C-4BF4-B28B-1B8F8240D0CB}.Debug|Any CPU.Build.0 = Debug|Any CPU
		{39DF6252-7E8C-4BF4-B28B-1B8F8240D0CB}.Release|Any CPU.ActiveCfg = Release|Any CPU
		{39DF6252-7E8C-4BF4-B28B-1B8F8240D0CB}.Release|Any CPU.Build.0 = Release|Any CPU
	EndGlobalSection
	GlobalSection(SolutionProperties) = preSolution
		HideSolutionNode = FALSE
	EndGlobalSection
EndGlobal
